<?xml version="1.0" encoding="utf-8"?>
<Project ToolsVersion="4.0" xmlns="http://schemas.microsoft.com/developer/msbuild/2003">
  <ItemGroup>
    <Filter Include="Header Files">
      <UniqueIdentifier>{2b868ef4-8bde-4523-a797-4e839c660e5c}</UniqueIdentifier>
    </Filter>
    <Filter Include="Source Files">
      <UniqueIdentifier>{87e6e6e0-748b-4906-beac-845302cb84ab}</UniqueIdentifier>
    </Filter>
  </ItemGroup>
  <ItemGroup>
    <ClInclude Include="demo.h">
      <Filter>Header Files</Filter>
    </ClInclude>
    <ClInclude Include="democollection.h">
      <Filter>Header Files</Filter>
    </ClInclude>
  </ItemGroup>
  <ItemGroup>
    <ClCompile Include="bardemos.cpp">
      <Filter>Source Files</Filter>
    </ClCompile>
    <ClCompile Include="bubbledemos.cpp">
      <Filter>Source Files</Filter>
    </ClCompile>
    <ClCompile Include="combinedaxisdemos.cpp">
      <Filter>Source Files</Filter>
    </ClCompile>
    <ClCompile Include="demo.cpp">
      <Filter>Source Files</Filter>
    </ClCompile>
    <ClCompile Include="democollection.cpp">
      <Filter>Source Files</Filter>
    </ClCompile>
    <ClCompile Include="ganttdemos.cpp">
      <Filter>Source Files</Filter>
    </ClCompile>
    <ClCompile Include="markersdemos.cpp">
      <Filter>Source Files</Filter>
    </ClCompile>
    <ClCompile Include="multipleaxisdemos.cpp">
      <Filter>Source Files</Filter>
    </ClCompile>
    <ClCompile Include="ohlcdemos.cpp">
      <Filter>Source Files</Filter>
    </ClCompile>
    <ClCompile Include="pieplotdemos.cpp">
      <Filter>Source Files</Filter>
    </ClCompile>
    <ClCompile Include="timeseriesdemos.cpp">
      <Filter>Source Files</Filter>
    </ClCompile>
    <ClCompile Include="titledemos.cpp">
      <Filter>Source Files</Filter>
    </ClCompile>
    <ClCompile Include="xydemos.cpp">
      <Filter>Source Files</Filter>
    </ClCompile>
    <ClCompile Include="sigademos.cpp">
      <Filter>Source Files</Filter>
    </ClCompile>
    <ClCompile Include="sigademos2.cpp">
      <Filter>Source Files</Filter>
    </ClCompile>
    <ClCompile Include="sigademos3.cpp">
      <Filter>Source Files</Filter>
    </ClCompile>
    <ClCompile Include="timeseriessiga.cpp">
      <Filter>Source Files</Filter>
    </ClCompile>
  </ItemGroup>
</Project>